// !$*UTF8*$!
{
	archiveVersion = 1;
	classes = {
	};
	objectVersion = 50;
	objects = {

/* Begin PBXBuildFile section */
		18073DC423C5E17D00D561F9 /* MemoryCacheProtocol.swift in Sources */ = {isa = PBXBuildFile; fileRef = 18073DC323C5E17D00D561F9 /* MemoryCacheProtocol.swift */; };
		18073DC523C5E17D00D561F9 /* MemoryCacheProtocol.swift in Sources */ = {isa = PBXBuildFile; fileRef = 18073DC323C5E17D00D561F9 /* MemoryCacheProtocol.swift */; };
		185DAFC923BF4CE000FE304F /* AppDelegate.swift in Sources */ = {isa = PBXBuildFile; fileRef = 185DAFC823BF4CE000FE304F /* AppDelegate.swift */; };
		185DAFCB23BF4CE000FE304F /* SceneDelegate.swift in Sources */ = {isa = PBXBuildFile; fileRef = 185DAFCA23BF4CE000FE304F /* SceneDelegate.swift */; };
		185DAFCD23BF4CE000FE304F /* ViewController.swift in Sources */ = {isa = PBXBuildFile; fileRef = 185DAFCC23BF4CE000FE304F /* ViewController.swift */; };
		185DAFD023BF4CE000FE304F /* Main.storyboard in Resources */ = {isa = PBXBuildFile; fileRef = 185DAFCE23BF4CE000FE304F /* Main.storyboard */; };
		185DAFD223BF4CE100FE304F /* Assets.xcassets in Resources */ = {isa = PBXBuildFile; fileRef = 185DAFD123BF4CE100FE304F /* Assets.xcassets */; };
		185DAFD523BF4CE100FE304F /* LaunchScreen.storyboard in Resources */ = {isa = PBXBuildFile; fileRef = 185DAFD323BF4CE100FE304F /* LaunchScreen.storyboard */; };
		185DAFE023BF4CE100FE304F /* ObservableWrapperTests.swift in Sources */ = {isa = PBXBuildFile; fileRef = 185DAFDF23BF4CE100FE304F /* ObservableWrapperTests.swift */; };
		185DAFEB23BF584000FE304F /* AHObservable.swift in Sources */ = {isa = PBXBuildFile; fileRef = 185DAFEA23BF584000FE304F /* AHObservable.swift */; };
		185DAFED23BF5A9000FE304F /* UserRelation.swift in Sources */ = {isa = PBXBuildFile; fileRef = 185DAFEC23BF5A9000FE304F /* UserRelation.swift */; };
		185DAFF223C041F500FE304F /* SecondViewController.swift in Sources */ = {isa = PBXBuildFile; fileRef = 185DAFF123C041F500FE304F /* SecondViewController.swift */; };
		185DB05023C1A55F00FE304F /* ObservableValue.swift in Sources */ = {isa = PBXBuildFile; fileRef = 185DB04F23C1A55F00FE304F /* ObservableValue.swift */; };
		185DB05123C1A55F00FE304F /* ObservableValue.swift in Sources */ = {isa = PBXBuildFile; fileRef = 185DB04F23C1A55F00FE304F /* ObservableValue.swift */; };
		1868988F23D0231800F87348 /* CacheStorer.swift in Sources */ = {isa = PBXBuildFile; fileRef = 1868988E23D0231800F87348 /* CacheStorer.swift */; };
		186898BE23D073C600F87348 /* SceneDelegate.swift in Sources */ = {isa = PBXBuildFile; fileRef = 185DAFCA23BF4CE000FE304F /* SceneDelegate.swift */; };
		186898BF23D073C600F87348 /* ViewController.swift in Sources */ = {isa = PBXBuildFile; fileRef = 185DAFCC23BF4CE000FE304F /* ViewController.swift */; };
		186898C023D073C600F87348 /* SecondViewController.swift in Sources */ = {isa = PBXBuildFile; fileRef = 185DAFF123C041F500FE304F /* SecondViewController.swift */; };
		186898C123D073C600F87348 /* CacheStorer.swift in Sources */ = {isa = PBXBuildFile; fileRef = 1868988E23D0231800F87348 /* CacheStorer.swift */; };
		186898C223D073C600F87348 /* UserRelation.swift in Sources */ = {isa = PBXBuildFile; fileRef = 185DAFEC23BF5A9000FE304F /* UserRelation.swift */; };
		186898C323D073C600F87348 /* AHObservable.swift in Sources */ = {isa = PBXBuildFile; fileRef = 185DAFEA23BF584000FE304F /* AHObservable.swift */; };
/* End PBXBuildFile section */

/* Begin PBXContainerItemProxy section */
		185DAFDC23BF4CE100FE304F /* PBXContainerItemProxy */ = {
			isa = PBXContainerItemProxy;
			containerPortal = 185DAFBD23BF4CE000FE304F /* Project object */;
			proxyType = 1;
			remoteGlobalIDString = 185DAFC423BF4CE000FE304F;
			remoteInfo = ObservableWrapper;
		};
/* End PBXContainerItemProxy section */

/* Begin PBXFileReference section */
		18073DC323C5E17D00D561F9 /* MemoryCacheProtocol.swift */ = {isa = PBXFileReference; lastKnownFileType = sourcecode.swift; path = MemoryCacheProtocol.swift; sourceTree = "<group>"; };
		185DAFC523BF4CE000FE304F /* MemoryCacheStorer.app */ = {isa = PBXFileReference; explicitFileType = wrapper.application; includeInIndex = 0; path = MemoryCacheStorer.app; sourceTree = BUILT_PRODUCTS_DIR; };
		185DAFC823BF4CE000FE304F /* AppDelegate.swift */ = {isa = PBXFileReference; lastKnownFileType = sourcecode.swift; path = AppDelegate.swift; sourceTree = "<group>"; };
		185DAFCA23BF4CE000FE304F /* SceneDelegate.swift */ = {isa = PBXFileReference; lastKnownFileType = sourcecode.swift; path = SceneDelegate.swift; sourceTree = "<group>"; };
		185DAFCC23BF4CE000FE304F /* ViewController.swift */ = {isa = PBXFileReference; lastKnownFileType = sourcecode.swift; path = ViewController.swift; sourceTree = "<group>"; };
		185DAFCF23BF4CE000FE304F /* Base */ = {isa = PBXFileReference; lastKnownFileType = file.storyboard; name = Base; path = Base.lproj/Main.storyboard; sourceTree = "<group>"; };
		185DAFD123BF4CE100FE304F /* Assets.xcassets */ = {isa = PBXFileReference; lastKnownFileType = folder.assetcatalog; path = Assets.xcassets; sourceTree = "<group>"; };
		185DAFD423BF4CE100FE304F /* Base */ = {isa = PBXFileReference; lastKnownFileType = file.storyboard; name = Base; path = Base.lproj/LaunchScreen.storyboard; sourceTree = "<group>"; };
		185DAFD623BF4CE100FE304F /* Info.plist */ = {isa = PBXFileReference; lastKnownFileType = text.plist.xml; path = Info.plist; sourceTree = "<group>"; };
		185DAFDB23BF4CE100FE304F /* MemoryCacheStorerTests.xctest */ = {isa = PBXFileReference; explicitFileType = wrapper.cfbundle; includeInIndex = 0; path = MemoryCacheStorerTests.xctest; sourceTree = BUILT_PRODUCTS_DIR; };
		185DAFDF23BF4CE100FE304F /* ObservableWrapperTests.swift */ = {isa = PBXFileReference; lastKnownFileType = sourcecode.swift; path = ObservableWrapperTests.swift; sourceTree = "<group>"; };
		185DAFE123BF4CE100FE304F /* Info.plist */ = {isa = PBXFileReference; lastKnownFileType = text.plist.xml; path = Info.plist; sourceTree = "<group>"; };
		185DAFEA23BF584000FE304F /* AHObservable.swift */ = {isa = PBXFileReference; lastKnownFileType = sourcecode.swift; path = AHObservable.swift; sourceTree = "<group>"; };
		185DAFEC23BF5A9000FE304F /* UserRelation.swift */ = {isa = PBXFileReference; lastKnownFileType = sourcecode.swift; path = UserRelation.swift; sourceTree = "<group>"; };
		185DAFF123C041F500FE304F /* SecondViewController.swift */ = {isa = PBXFileReference; lastKnownFileType = sourcecode.swift; path = SecondViewController.swift; sourceTree = "<group>"; };
		185DB04F23C1A55F00FE304F /* ObservableValue.swift */ = {isa = PBXFileReference; lastKnownFileType = sourcecode.swift; path = ObservableValue.swift; sourceTree = "<group>"; };
		1868988E23D0231800F87348 /* CacheStorer.swift */ = {isa = PBXFileReference; lastKnownFileType = sourcecode.swift; path = CacheStorer.swift; sourceTree = "<group>"; };
/* End PBXFileReference section */

/* Begin PBXFrameworksBuildPhase section */
		185DAFC223BF4CE000FE304F /* Frameworks */ = {
			isa = PBXFrameworksBuildPhase;
			buildActionMask = 2147483647;
			files = (
			);
			runOnlyForDeploymentPostprocessing = 0;
		};
		185DAFD823BF4CE100FE304F /* Frameworks */ = {
			isa = PBXFrameworksBuildPhase;
			buildActionMask = 2147483647;
			files = (
			);
			runOnlyForDeploymentPostprocessing = 0;
		};
/* End PBXFrameworksBuildPhase section */

/* Begin PBXGroup section */
		185DAFBC23BF4CE000FE304F = {
			isa = PBXGroup;
			children = (
				185DAFC723BF4CE000FE304F /* MemoryCacheStorer */,
				185DAFDE23BF4CE100FE304F /* ObservableWrapperTests */,
				185DAFC623BF4CE000FE304F /* Products */,
			);
			sourceTree = "<group>";
		};
		185DAFC623BF4CE000FE304F /* Products */ = {
			isa = PBXGroup;
			children = (
				185DAFC523BF4CE000FE304F /* MemoryCacheStorer.app */,
				185DAFDB23BF4CE100FE304F /* MemoryCacheStorerTests.xctest */,
			);
			name = Products;
			sourceTree = "<group>";
		};
		185DAFC723BF4CE000FE304F /* MemoryCacheStorer */ = {
			isa = PBXGroup;
			children = (
				185DAFC823BF4CE000FE304F /* AppDelegate.swift */,
				185DAFCA23BF4CE000FE304F /* SceneDelegate.swift */,
				185DAFCC23BF4CE000FE304F /* ViewController.swift */,
				185DAFF123C041F500FE304F /* SecondViewController.swift */,
				185DB04F23C1A55F00FE304F /* ObservableValue.swift */,
				18073DC323C5E17D00D561F9 /* MemoryCacheProtocol.swift */,
				1868988E23D0231800F87348 /* CacheStorer.swift */,
				185DAFEC23BF5A9000FE304F /* UserRelation.swift */,
				185DAFEA23BF584000FE304F /* AHObservable.swift */,
				185DAFCE23BF4CE000FE304F /* Main.storyboard */,
				185DAFD123BF4CE100FE304F /* Assets.xcassets */,
				185DAFD323BF4CE100FE304F /* LaunchScreen.storyboard */,
				185DAFD623BF4CE100FE304F /* Info.plist */,
			);
			path = MemoryCacheStorer;
			sourceTree = "<group>";
		};
		185DAFDE23BF4CE100FE304F /* ObservableWrapperTests */ = {
			isa = PBXGroup;
			children = (
				185DAFDF23BF4CE100FE304F /* ObservableWrapperTests.swift */,
				185DAFE123BF4CE100FE304F /* Info.plist */,
			);
			path = ObservableWrapperTests;
			sourceTree = "<group>";
		};
/* End PBXGroup section */

/* Begin PBXNativeTarget section */
		185DAFC423BF4CE000FE304F /* MemoryCacheStorer */ = {
			isa = PBXNativeTarget;
			buildConfigurationList = 185DAFE423BF4CE100FE304F /* Build configuration list for PBXNativeTarget "MemoryCacheStorer" */;
			buildPhases = (
				185DAFC123BF4CE000FE304F /* Sources */,
				185DAFC223BF4CE000FE304F /* Frameworks */,
				185DAFC323BF4CE000FE304F /* Resources */,
			);
			buildRules = (
			);
			dependencies = (
			);
			name = MemoryCacheStorer;
			productName = ObservableWrapper;
			productReference = 185DAFC523BF4CE000FE304F /* MemoryCacheStorer.app */;
			productType = "com.apple.product-type.application";
		};
		185DAFDA23BF4CE100FE304F /* MemoryCacheStorerTests */ = {
			isa = PBXNativeTarget;
			buildConfigurationList = 185DAFE723BF4CE100FE304F /* Build configuration list for PBXNativeTarget "MemoryCacheStorerTests" */;
			buildPhases = (
				185DAFD723BF4CE100FE304F /* Sources */,
				185DAFD823BF4CE100FE304F /* Frameworks */,
				185DAFD923BF4CE100FE304F /* Resources */,
			);
			buildRules = (
			);
			dependencies = (
				185DAFDD23BF4CE100FE304F /* PBXTargetDependency */,
			);
			name = MemoryCacheStorerTests;
			productName = ObservableWrapperTests;
			productReference = 185DAFDB23BF4CE100FE304F /* MemoryCacheStorerTests.xctest */;
			productType = "com.apple.product-type.bundle.unit-test";
		};
/* End PBXNativeTarget section */

/* Begin PBXProject section */
		185DAFBD23BF4CE000FE304F /* Project object */ = {
			isa = PBXProject;
			attributes = {
				LastSwiftUpdateCheck = 1120;
				LastUpgradeCheck = 1120;
				ORGANIZATIONNAME = "周正飞";
				TargetAttributes = {
					185DAFC423BF4CE000FE304F = {
						CreatedOnToolsVersion = 11.2.1;
					};
					185DAFDA23BF4CE100FE304F = {
						CreatedOnToolsVersion = 11.2.1;
						TestTargetID = 185DAFC423BF4CE000FE304F;
					};
				};
			};
			buildConfigurationList = 185DAFC023BF4CE000FE304F /* Build configuration list for PBXProject "MemoryCacheStorer" */;
			compatibilityVersion = "Xcode 9.3";
			developmentRegion = en;
			hasScannedForEncodings = 0;
			knownRegions = (
				en,
				Base,
			);
			mainGroup = 185DAFBC23BF4CE000FE304F;
			productRefGroup = 185DAFC623BF4CE000FE304F /* Products */;
			projectDirPath = "";
			projectRoot = "";
			targets = (
				185DAFC423BF4CE000FE304F /* MemoryCacheStorer */,
				185DAFDA23BF4CE100FE304F /* MemoryCacheStorerTests */,
			);
		};
/* End PBXProject section */

/* Begin PBXResourcesBuildPhase section */
		185DAFC323BF4CE000FE304F /* Resources */ = {
			isa = PBXResourcesBuildPhase;
			buildActionMask = 2147483647;
			files = (
				185DAFD523BF4CE100FE304F /* LaunchScreen.storyboard in Resources */,
				185DAFD223BF4CE100FE304F /* Assets.xcassets in Resources */,
				185DAFD023BF4CE000FE304F /* Main.storyboard in Resources */,
			);
			runOnlyForDeploymentPostprocessing = 0;
		};
		185DAFD923BF4CE100FE304F /* Resources */ = {
			isa = PBXResourcesBuildPhase;
			buildActionMask = 2147483647;
			files = (
			);
			runOnlyForDeploymentPostprocessing = 0;
		};
/* End PBXResourcesBuildPhase section */

/* Begin PBXSourcesBuildPhase section */
		185DAFC123BF4CE000FE304F /* Sources */ = {
			isa = PBXSourcesBuildPhase;
			buildActionMask = 2147483647;
			files = (
				185DAFF223C041F500FE304F /* SecondViewController.swift in Sources */,
				185DB05023C1A55F00FE304F /* ObservableValue.swift in Sources */,
				185DAFCD23BF4CE000FE304F /* ViewController.swift in Sources */,
				18073DC423C5E17D00D561F9 /* MemoryCacheProtocol.swift in Sources */,
				185DAFC923BF4CE000FE304F /* AppDelegate.swift in Sources */,
				185DAFCB23BF4CE000FE304F /* SceneDelegate.swift in Sources */,
				185DAFED23BF5A9000FE304F /* UserRelation.swift in Sources */,
				1868988F23D0231800F87348 /* CacheStorer.swift in Sources */,
				185DAFEB23BF584000FE304F /* AHObservable.swift in Sources */,
			);
			runOnlyForDeploymentPostprocessing = 0;
		};
		185DAFD723BF4CE100FE304F /* Sources */ = {
			isa = PBXSourcesBuildPhase;
			buildActionMask = 2147483647;
			files = (
				186898BE23D073C600F87348 /* SceneDelegate.swift in Sources */,
				186898BF23D073C600F87348 /* ViewController.swift in Sources */,
				186898C023D073C600F87348 /* SecondViewController.swift in Sources */,
				186898C123D073C600F87348 /* CacheStorer.swift in Sources */,
				186898C223D073C600F87348 /* UserRelation.swift in Sources */,
				186898C323D073C600F87348 /* AHObservable.swift in Sources */,
				185DB05123C1A55F00FE304F /* ObservableValue.swift in Sources */,
				18073DC523C5E17D00D561F9 /* MemoryCacheProtocol.swift in Sources */,
				185DAFE023BF4CE100FE304F /* ObservableWrapperTests.swift in Sources */,
			);
			runOnlyForDeploymentPostprocessing = 0;
		};
/* End PBXSourcesBuildPhase section */

/* Begin PBXTargetDependency section */
		185DAFDD23BF4CE100FE304F /* PBXTargetDependency */ = {
			isa = PBXTargetDependency;
			target = 185DAFC423BF4CE000FE304F /* MemoryCacheStorer */;
			targetProxy = 185DAFDC23BF4CE100FE304F /* PBXContainerItemProxy */;
		};
/* End PBXTargetDependency section */

/* Begin PBXVariantGroup section */
		185DAFCE23BF4CE000FE304F /* Main.storyboard */ = {
			isa = PBXVariantGroup;
			children = (
				185DAFCF23BF4CE000FE304F /* Base */,
			);
			name = Main.storyboard;
			sourceTree = "<group>";
		};
		185DAFD323BF4CE100FE304F /* LaunchScreen.storyboard */ = {
			isa = PBXVariantGroup;
			children = (
				185DAFD423BF4CE100FE304F /* Base */,
			);
			name = LaunchScreen.storyboard;
			sourceTree = "<group>";
		};
/* End PBXVariantGroup section */

/* Begin XCBuildConfiguration section */
		185DAFE223BF4CE100FE304F /* Debug */ = {
			isa = XCBuildConfiguration;
			buildSettings = {
				ALWAYS_SEARCH_USER_PATHS = NO;
				CLANG_ANALYZER_NONNULL = YES;
				CLANG_ANALYZER_NUMBER_OBJECT_CONVERSION = YES_AGGRESSIVE;
				CLANG_CXX_LANGUAGE_STANDARD = "gnu++14";
				CLANG_CXX_LIBRARY = "libc++";
				CLANG_ENABLE_MODULES = YES;
				CLANG_ENABLE_OBJC_ARC = YES;
				CLANG_ENABLE_OBJC_WEAK = YES;
				CLANG_WARN_BLOCK_CAPTURE_AUTORELEASING = YES;
				CLANG_WARN_BOOL_CONVERSION = YES;
				CLANG_WARN_COMMA = YES;
				CLANG_WARN_CONSTANT_CONVERSION = YES;
				CLANG_WARN_DEPRECATED_OBJC_IMPLEMENTATIONS = YES;
				CLANG_WARN_DIRECT_OBJC_ISA_USAGE = YES_ERROR;
				CLANG_WARN_DOCUMENTATION_COMMENTS = YES;
				CLANG_WARN_EMPTY_BODY = YES;
				CLANG_WARN_ENUM_CONVERSION = YES;
				CLANG_WARN_INFINITE_RECURSION = YES;
				CLANG_WARN_INT_CONVERSION = YES;
				CLANG_WARN_NON_LITERAL_NULL_CONVERSION = YES;
				CLANG_WARN_OBJC_IMPLICIT_RETAIN_SELF = YES;
				CLANG_WARN_OBJC_LITERAL_CONVERSION = YES;
				CLANG_WARN_OBJC_ROOT_CLASS = YES_ERROR;
				CLANG_WARN_RANGE_LOOP_ANALYSIS = YES;
				CLANG_WARN_STRICT_PROTOTYPES = YES;
				CLANG_WARN_SUSPICIOUS_MOVE = YES;
				CLANG_WARN_UNGUARDED_AVAILABILITY = YES_AGGRESSIVE;
				CLANG_WARN_UNREACHABLE_CODE = YES;
				CLANG_WARN__DUPLICATE_METHOD_MATCH = YES;
				COPY_PHASE_STRIP = NO;
				DEBUG_INFORMATION_FORMAT = dwarf;
				ENABLE_STRICT_OBJC_MSGSEND = YES;
				ENABLE_TESTABILITY = YES;
				GCC_C_LANGUAGE_STANDARD = gnu11;
				GCC_DYNAMIC_NO_PIC = NO;
				GCC_NO_COMMON_BLOCKS = YES;
				GCC_OPTIMIZATION_LEVEL = 0;
				GCC_PREPROCESSOR_DEFINITIONS = (
					"DEBUG=1",
					"$(inherited)",
				);
				GCC_WARN_64_TO_32_BIT_CONVERSION = YES;
				GCC_WARN_ABOUT_RETURN_TYPE = YES_ERROR;
				GCC_WARN_UNDECLARED_SELECTOR = YES;
				GCC_WARN_UNINITIALIZED_AUTOS = YES_AGGRESSIVE;
				GCC_WARN_UNUSED_FUNCTION = YES;
				GCC_WARN_UNUSED_VARIABLE = YES;
				IPHONEOS_DEPLOYMENT_TARGET = 13.2;
				MTL_ENABLE_DEBUG_INFO = INCLUDE_SOURCE;
				MTL_FAST_MATH = YES;
				ONLY_ACTIVE_ARCH = YES;
				SDKROOT = iphoneos;
				SWIFT_ACTIVE_COMPILATION_CONDITIONS = DEBUG;
				SWIFT_OPTIMIZATION_LEVEL = "-Onone";
			};
			name = Debug;
		};
		185DAFE323BF4CE100FE304F /* Release */ = {
			isa = XCBuildConfiguration;
			buildSettings = {
				ALWAYS_SEARCH_USER_PATHS = NO;
				CLANG_ANALYZER_NONNULL = YES;
				CLANG_ANALYZER_NUMBER_OBJECT_CONVERSION = YES_AGGRESSIVE;
				CLANG_CXX_LANGUAGE_STANDARD = "gnu++14";
				CLANG_CXX_LIBRARY = "libc++";
				CLANG_ENABLE_MODULES = YES;
				CLANG_ENABLE_OBJC_ARC = YES;
				CLANG_ENABLE_OBJC_WEAK = YES;
				CLANG_WARN_BLOCK_CAPTURE_AUTORELEASING = YES;
				CLANG_WARN_BOOL_CONVERSION = YES;
				CLANG_WARN_COMMA = YES;
				CLANG_WARN_CONSTANT_CONVERSION = YES;
				CLANG_WARN_DEPRECATED_OBJC_IMPLEMENTATIONS = YES;
				CLANG_WARN_DIRECT_OBJC_ISA_USAGE = YES_ERROR;
				CLANG_WARN_DOCUMENTATION_COMMENTS = YES;
				CLANG_WARN_EMPTY_BODY = YES;
				CLANG_WARN_ENUM_CONVERSION = YES;
				CLANG_WARN_INFINITE_RECURSION = YES;
				CLANG_WARN_INT_CONVERSION = YES;
				CLANG_WARN_NON_LITERAL_NULL_CONVERSION = YES;
				CLANG_WARN_OBJC_IMPLICIT_RETAIN_SELF = YES;
				CLANG_WARN_OBJC_LITERAL_CONVERSION = YES;
				CLANG_WARN_OBJC_ROOT_CLASS = YES_ERROR;
				CLANG_WARN_RANGE_LOOP_ANALYSIS = YES;
				CLANG_WARN_STRICT_PROTOTYPES = YES;
				CLANG_WARN_SUSPICIOUS_MOVE = YES;
				CLANG_WARN_UNGUARDED_AVAILABILITY = YES_AGGRESSIVE;
				CLANG_WARN_UNREACHABLE_CODE = YES;
				CLANG_WARN__DUPLICATE_METHOD_MATCH = YES;
				COPY_PHASE_STRIP = NO;
				DEBUG_INFORMATION_FORMAT = "dwarf-with-dsym";
				ENABLE_NS_ASSERTIONS = NO;
				ENABLE_STRICT_OBJC_MSGSEND = YES;
				GCC_C_LANGUAGE_STANDARD = gnu11;
				GCC_NO_COMMON_BLOCKS = YES;
				GCC_WARN_64_TO_32_BIT_CONVERSION = YES;
				GCC_WARN_ABOUT_RETURN_TYPE = YES_ERROR;
				GCC_WARN_UNDECLARED_SELECTOR = YES;
				GCC_WARN_UNINITIALIZED_AUTOS = YES_AGGRESSIVE;
				GCC_WARN_UNUSED_FUNCTION = YES;
				GCC_WARN_UNUSED_VARIABLE = YES;
				IPHONEOS_DEPLOYMENT_TARGET = 13.2;
				MTL_ENABLE_DEBUG_INFO = NO;
				MTL_FAST_MATH = YES;
				SDKROOT = iphoneos;
				SWIFT_COMPILATION_MODE = wholemodule;
				SWIFT_OPTIMIZATION_LEVEL = "-O";
				VALIDATE_PRODUCT = YES;
			};
			name = Release;
		};
		185DAFE523BF4CE100FE304F /* Debug */ = {
			isa = XCBuildConfiguration;
			buildSettings = {
				ASSETCATALOG_COMPILER_APPICON_NAME = AppIcon;
				CODE_SIGN_STYLE = Automatic;
				INFOPLIST_FILE = MemoryCacheStorer/Info.plist;
				IPHONEOS_DEPLOYMENT_TARGET = 13.0;
				LD_RUNPATH_SEARCH_PATHS = (
					"$(inherited)",
					"@executable_path/Frameworks",
				);
				PRODUCT_BUNDLE_IDENTIFIER = zafir.ObservableWrapper;
				PRODUCT_NAME = "$(TARGET_NAME)";
				SWIFT_VERSION = 5.0;
				TARGETED_DEVICE_FAMILY = "1,2";
			};
			name = Debug;
		};
		185DAFE623BF4CE100FE304F /* Release */ = {
			isa = XCBuildConfiguration;
			buildSettings = {
				ASSETCATALOG_COMPILER_APPICON_NAME = AppIcon;
				CODE_SIGN_STYLE = Automatic;
				INFOPLIST_FILE = MemoryCacheStorer/Info.plist;
				IPHONEOS_DEPLOYMENT_TARGET = 13.0;
				LD_RUNPATH_SEARCH_PATHS = (
					"$(inherited)",
					"@executable_path/Frameworks",
				);
				PRODUCT_BUNDLE_IDENTIFIER = zafir.ObservableWrapper;
				PRODUCT_NAME = "$(TARGET_NAME)";
				SWIFT_VERSION = 5.0;
				TARGETED_DEVICE_FAMILY = "1,2";
			};
			name = Release;
		};
		185DAFE823BF4CE100FE304F /* Debug */ = {
			isa = XCBuildConfiguration;
			buildSettings = {
				ALWAYS_EMBED_SWIFT_STANDARD_LIBRARIES = YES;
				BUNDLE_LOADER = "$(TEST_HOST)";
				CODE_SIGN_STYLE = Automatic;
				INFOPLIST_FILE = ObservableWrapperTests/Info.plist;
				IPHONEOS_DEPLOYMENT_TARGET = 13.2;
				LD_RUNPATH_SEARCH_PATHS = (
					"$(inherited)",
					"@executable_path/Frameworks",
					"@loader_path/Frameworks",
				);
				PRODUCT_BUNDLE_IDENTIFIER = zafir.ObservableWrapperTests;
				PRODUCT_NAME = "$(TARGET_NAME)";
				SWIFT_VERSION = 5.0;
				TARGETED_DEVICE_FAMILY = "1,2";
				TEST_HOST = "$(BUILT_PRODUCTS_DIR)/MemoryCacheStorer.app/MemoryCacheStorer";
			};
			name = Debug;
		};
		185DAFE923BF4CE100FE304F /* Release */ = {
			isa = XCBuildConfiguration;
			buildSettings = {
				ALWAYS_EMBED_SWIFT_STANDARD_LIBRARIES = YES;
				BUNDLE_LOADER = "$(TEST_HOST)";
				CODE_SIGN_STYLE = Automatic;
				INFOPLIST_FILE = ObservableWrapperTests/Info.plist;
				IPHONEOS_DEPLOYMENT_TARGET = 13.2;
				LD_RUNPATH_SEARCH_PATHS = (
					"$(inherited)",
					"@executable_path/Frameworks",
					"@loader_path/Frameworks",
				);
				PRODUCT_BUNDLE_IDENTIFIER = zafir.ObservableWrapperTests;
				PRODUCT_NAME = "$(TARGET_NAME)";
				SWIFT_VERSION = 5.0;
				TARGETED_DEVICE_FAMILY = "1,2";
				TEST_HOST = "$(BUILT_PRODUCTS_DIR)/MemoryCacheStorer.app/MemoryCacheStorer";
			};
			name = Release;
		};
/* End XCBuildConfiguration section */

/* Begin XCConfigurationList section */
		185DAFC023BF4CE000FE304F /* Build configuration list for PBXProject "MemoryCacheStorer" */ = {
			isa = XCConfigurationList;
			buildConfigurations = (
				185DAFE223BF4CE100FE304F /* Debug */,
				185DAFE323BF4CE100FE304F /* Release */,
			);
			defaultConfigurationIsVisible = 0;
			defaultConfigurationName = Release;
		};
		185DAFE423BF4CE100FE304F /* Build configuration list for PBXNativeTarget "MemoryCacheStorer" */ = {
			isa = XCConfigurationList;
			buildConfigurations = (
				185DAFE523BF4CE100FE304F /* Debug */,
				185DAFE623BF4CE100FE304F /* Release */,
			);
			defaultConfigurationIsVisible = 0;
			defaultConfigurationName = Release;
		};
		185DAFE723BF4CE100FE304F /* Build configuration list for PBXNativeTarget "MemoryCacheStorerTests" */ = {
			isa = XCConfigurationList;
			buildConfigurations = (
				185DAFE823BF4CE100FE304F /* Debug */,
				185DAFE923BF4CE100FE304F /* Release */,
			);
			defaultConfigurationIsVisible = 0;
			defaultConfigurationName = Release;
		};
/* End XCConfigurationList section */
	};
	rootObject = 185DAFBD23BF4CE000FE304F /* Project object */;
}
